{
  "name": "countr",
  "version": "1.0.0",
  "lockfileVersion": 1,
  "requires": true,
  "dependencies": {
    "async-limiter": {
      "version": "1.0.0",
      "resolved": "https://registry.npmjs.org/async-limiter/-/async-limiter-1.0.0.tgz",
      "integrity": "sha512-jp/uFnooOiO+L211eZOoSyzpOITMXx1rBITauYykG3BRYPu8h0UcxsPNB04RR5vo4Tyz3+ay17tR6JVf9qzYWg=="
    },
    "bindings": {
      "version": "1.3.0",
      "resolved": "https://registry.npmjs.org/bindings/-/bindings-1.3.0.tgz",
      "integrity": "sha512-DpLh5EzMR2kzvX1KIlVC0VkC3iZtHKTgdtZ0a3pglBZdaQFjt5S9g9xd1lE+YvXyfd6mtCeRnrUfOLYiTMlNSw=="
    },
    "blapi": {
      "version": "0.4.3",
      "resolved": "https://registry.npmjs.org/blapi/-/blapi-0.4.3.tgz",
      "integrity": "sha512-f5PyB4UNPJOWqqwJeRlGzFv0tc7/jB/YIw0G4HbuM39IJTFp4P/Z547hs9r8yCt8Yemxw6ToGin83YQowy9cWQ=="
    },
    "bufferutil": {
      "version": "4.0.0",
      "resolved": "https://registry.npmjs.org/bufferutil/-/bufferutil-4.0.0.tgz",
      "integrity": "sha512-jpnqMVLo7sqfUY2W92RC4jjj9TuiOSkjB0k43TxPcrBSntZwXUOl8Krfd3eVEdApuScpSTwYKntm/dXU2T8gnw==",
      "requires": {
        "node-gyp-build": "~3.4.0"
      }
    },
    "dblapi.js": {
      "version": "2.2.0",
      "resolved": "https://registry.npmjs.org/dblapi.js/-/dblapi.js-2.2.0.tgz",
      "integrity": "sha512-x+wMDm6dUlRfXenyDQX8gK/efZgbXCxSvFCcWyNuwYWOvFbG+bxXxGIPU+lOa3CRQBXzPolNx0SCgKP+fodxtA=="
    },
    "discord.js": {
      "version": "11.4.2",
      "resolved": "https://registry.npmjs.org/discord.js/-/discord.js-11.4.2.tgz",
      "integrity": "sha512-MDwpu0lMFTjqomijDl1Ed9miMQe6kB4ifKdP28QZllmLv/HVOJXhatRgjS8urp/wBlOfx+qAYSXcdI5cKGYsfg==",
      "requires": {
        "long": "^4.0.0",
        "prism-media": "^0.0.3",
        "snekfetch": "^3.6.4",
        "tweetnacl": "^1.0.0",
        "ws": "^4.0.0"
      }
    },
    "erlpack": {
      "version": "github:hammerandchisel/erlpack#674ebfd3439ba4b7ce616709821d27630f7cdc61",
      "from": "github:hammerandchisel/erlpack",
      "requires": {
        "bindings": "^1.2.1",
        "nan": "^2.1.0"
      }
    },
    "fs": {
      "version": "0.0.2",
      "resolved": "https://registry.npmjs.org/fs/-/fs-0.0.2.tgz",
      "integrity": "sha1-4fJE7zkzwbKmS9R5kTYGDQ9ZFPg="
    },
    "long": {
      "version": "4.0.0",
      "resolved": "https://registry.npmjs.org/long/-/long-4.0.0.tgz",
      "integrity": "sha512-XsP+KhQif4bjX1kbuSiySJFNAehNxgLb6hPRGJ9QsUr8ajHkuXGdrHmFUTUUXhDwVX2R5bY4JNZEwbUiMhV+MA=="
    },
    "nan": {
      "version": "2.11.0",
      "resolved": "https://registry.npmjs.org/nan/-/nan-2.11.0.tgz",
      "integrity": "sha512-F4miItu2rGnV2ySkXOQoA8FKz/SR2Q2sWP0sbTxNxz/tuokeC8WxOhPMcwi0qIyGtVn/rrSeLbvVkznqCdwYnw=="
    },
    "node-gyp-build": {
      "version": "3.4.0",
      "resolved": "https://registry.npmjs.org/node-gyp-build/-/node-gyp-build-3.4.0.tgz",
      "integrity": "sha512-YoviGBJYGrPdLOKDIQB0sKxuKy/EEsxzooNkOZak4vSTKT/qH0Pa6dj3t1MJjEQGsefih61IyHDmO1WW7xOFfw=="
    },
    "prism-media": {
      "version": "0.0.3",
      "resolved": "https://registry.npmjs.org/prism-media/-/prism-media-0.0.3.tgz",
      "integrity": "sha512-c9KkNifSMU/iXT8FFTaBwBMr+rdVcN+H/uNv1o+CuFeTThNZNTOrQ+RgXA1yL/DeLk098duAeRPP3QNPNbhxYQ=="
    },
    "safe-buffer": {
      "version": "5.1.2",
      "resolved": "https://registry.npmjs.org/safe-buffer/-/safe-buffer-5.1.2.tgz",
      "integrity": "sha512-Gd2UZBJDkXlY7GbJxfsE8/nvKkUEU1G38c1siN6QP6a9PT9MmHB8GnpscSmMJSoF8LOIrt8ud/wPtojys4G6+g=="
    },
    "snekfetch": {
      "version": "3.6.4",
      "resolved": "https://registry.npmjs.org/snekfetch/-/snekfetch-3.6.4.tgz",
      "integrity": "sha512-NjxjITIj04Ffqid5lqr7XdgwM7X61c/Dns073Ly170bPQHLm6jkmelye/eglS++1nfTWktpP6Y2bFXjdPlQqdw=="
    },
    "tweetnacl": {
      "version": "1.0.0",
      "resolved": "https://registry.npmjs.org/tweetnacl/-/tweetnacl-1.0.0.tgz",
      "integrity": "sha1-cT2LgY2kIGh0C/aDhtBHnmb8ins="
    },
    "uws": {
      "version": "99.0.0",
      "resolved": "https://registry.npmjs.org/uws/-/uws-99.0.0.tgz",
      "integrity": "sha512-gbzhpHHE37BsiCB1raq5Wzf4ENKTaxyg1gZ7LJ/Z0za9Ic6EEwq5VpfivNh9Or2Tpf3f3jPEWCGLVDle2MukTg=="
    },
    "ws": {
      "version": "4.1.0",
      "resolved": "https://registry.npmjs.org/ws/-/ws-4.1.0.tgz",
      "integrity": "sha512-ZGh/8kF9rrRNffkLFV4AzhvooEclrOH0xaugmqGsIfFgOE/pIz4fMc4Ef+5HSQqTEug2S9JZIWDR47duDSLfaA==",
      "requires": {
        "async-limiter": "~1.0.0",
        "safe-buffer": "~5.1.0"
      }
    }
  }
}
